# This file was autogenerated by Stack.
# You should not edit this file by hand.
# For more information, please see the documentation at:
#   https://docs.haskellstack.org/en/stable/lock_files

packages:
- completed:
    hackage: ghci-dap-0.0.15.0@sha256:e9ac8110590ddd00cbee62117a23ac7be6b156023d7c282eca90b36c13497583,3115
    pantry-tree:
      size: 2199
      sha256: f73eb2fa3d84cbd0616612c66716cac1d0b46c73ce0d0ba8b4a769f6d8820d0f
  original:
    hackage: ghci-dap-0.0.15.0
- completed:
    hackage: haskell-dap-0.0.15.0@sha256:d58ec48d5f23c13675ba6a6ceb75f9ad9c0b0e90031e15cf7cd227478bad5fa5,945
    pantry-tree:
      size: 315
      sha256: 4126d8e2ea49a4acbd30cad46e66068167a1a599032c0ddd8fde607f703c5a23
  original:
    hackage: haskell-dap-0.0.15.0
- completed:
    hackage: haskell-debug-adapter-0.0.34.0@sha256:8ac49d8f2cebe66710985468fd5390ef0f98bd6ee89b141840f11140a732e383,6468
    pantry-tree:
      size: 2982
      sha256: 83f05f87fb3e9ac07ba6a618dfd8c7f817455e0884fab15002cd6ec57117c176
  original:
    hackage: haskell-debug-adapter-0.0.34.0
- completed:
    hackage: BNFC-2.9.0@sha256:1e159b19a338bd4ef8dc47b412cbf59146b9429b2a8389747b0cb2ad7943ade6,9271
    pantry-tree:
      size: 8474
      sha256: 7f98d4c069705861b7c52ad36b51cf8c1718c11c8440e54c9a46a11c62847743
  original:
    hackage: BNFC-2.9.0
- completed:
    hackage: transformers-0.5.6.2@sha256:6c959d14430f4deffb99579ba019de07c3d852a2122b6f449344386c7d75ff1d,3172
    pantry-tree:
      size: 2512
      sha256: c79246ba7d61392c2f214376fed3c2a05e4b2649b93ec2c849a86493f278ace0
  original:
    hackage: transformers-0.5.6.2
snapshots:
- completed:
    size: 563098
    url: https://raw.githubusercontent.com/commercialhaskell/stackage-snapshots/master/lts/17/1.yaml
    sha256: 395775c03e66a4286f134d50346b0b6f1432131cf542886252984b4cfa5fef69
  original:
    url: https://raw.githubusercontent.com/commercialhaskell/stackage-snapshots/master/lts/17/1.yaml
